
Microsoft Visual Studio Solution File, Format Version 12.00
# Visual Studio Version 16
VisualStudioVersion = 16.0.31605.320
MinimumVisualStudioVersion = 10.0.40219.1
Project("{8BC9CEB8-8B4A-11D0-8D11-00A0C91BC942}") = "cpp-exercises", "cpp-exercises\cpp-exercises.vcxproj", "{E6899B94-C488-4328-9BA4-FB6A9DFEDD85}"
EndProject
Global
	GlobalSection(SolutionConfigurationPlatforms) = preSolution
		Debug|x64 = Debug|x64
		Debug|x86 = Debug|x86
		Release|x64 = Release|x64
		Release|x86 = Release|x86
	EndGlobalSection
	GlobalSection(ProjectConfigurationPlatforms) = postSolution
		{E6899B94-C488-4328-9BA4-FB6A9DFEDD85}.Debug|x64.ActiveCfg = Debug|x64
		{E6899B94-C488-4328-9BA4-FB6A9DFEDD85}.Debug|x64.Build.0 = Debug|x64
		{E6899B94-C488-4328-9BA4-FB6A9DFEDD85}.Debug|x86.ActiveCfg = Debug|Win32
		{E6899B94-C488-4328-9BA4-FB6A9DFEDD85}.Debug|x86.Build.0 = Debug|Win32
		{E6899B94-C488-4328-9BA4-FB6A9DFEDD85}.Release|x64.ActiveCfg = Release|x64
		{E6899B94-C488-4328-9BA4-FB6A9DFEDD85}.Release|x64.Build.0 = Release|x64
		{E6899B94-C488-4328-9BA4-FB6A9DFEDD85}.Release|x86.ActiveCfg = Release|Win32
		{E6899B94-C488-4328-9BA4-FB6A9DFEDD85}.Release|x86.Build.0 = Release|Win32
	EndGlobalSection
	GlobalSection(SolutionProperties) = preSolution
		HideSolutionNode = FALSE
	EndGlobalSection
	GlobalSection(ExtensibilityGlobals) = postSolution
		SolutionGuid = {0187D618-F930-40F1-89E0-67226F9373D9}
	EndGlobalSection
EndGlobal
